// !$*UTF8*$!
{
	archiveVersion = 1;
	classes = {
	};
	objectVersion = 56;
	objects = {

/* Begin PBXBuildFile section */
		BA10E4232C5D53EF00F1A4FB /* Screen.swift in Sources */ = {isa = PBXBuildFile; fileRef = BA10E4222C5D53EF00F1A4FB /* Screen.swift */; };
		BA30991D2C54C988003859EB /* AppDelegate.swift in Sources */ = {isa = PBXBuildFile; fileRef = BA30991C2C54C988003859EB /* AppDelegate.swift */; };
		BA3099262C54C989003859EB /* Assets.xcassets in Resources */ = {isa = PBXBuildFile; fileRef = BA3099252C54C989003859EB /* Assets.xcassets */; };
		BA3099292C54C989003859EB /* Base in Resources */ = {isa = PBXBuildFile; fileRef = BA3099282C54C989003859EB /* Base */; };
		BAC0F12A2C80797E00297E58 /* Environment.swift in Sources */ = {isa = PBXBuildFile; fileRef = BAC0F1292C80797E00297E58 /* Environment.swift */; };
		BAE732212C565B0500773DB2 /* Path.swift in Sources */ = {isa = PBXBuildFile; fileRef = BAE732202C565B0500773DB2 /* Path.swift */; };
		BAE732232C56628900773DB2 /* Root.swift in Sources */ = {isa = PBXBuildFile; fileRef = BAE732222C56628900773DB2 /* Root.swift */; };
		BAE732252C566AC600773DB2 /* PathBuilder.swift in Sources */ = {isa = PBXBuildFile; fileRef = BAE732242C566AC600773DB2 /* PathBuilder.swift */; };
		BAE732272C566D7400773DB2 /* TuplePath.swift in Sources */ = {isa = PBXBuildFile; fileRef = BAE732262C566D7400773DB2 /* TuplePath.swift */; };
		BAE7322A2C566FC000773DB2 /* ConditionalPath.swift in Sources */ = {isa = PBXBuildFile; fileRef = BAE732292C566FC000773DB2 /* ConditionalPath.swift */; };
		BAE7322C2C56710200773DB2 /* EmptyPath.swift in Sources */ = {isa = PBXBuildFile; fileRef = BAE7322B2C56710200773DB2 /* EmptyPath.swift */; };
		BAE7322F2C5679C900773DB2 /* MainPath.swift in Sources */ = {isa = PBXBuildFile; fileRef = BAE7322E2C5679C900773DB2 /* MainPath.swift */; };
		BAE732322C56834200773DB2 /* PathRepresentable.swift in Sources */ = {isa = PBXBuildFile; fileRef = BAE732312C56834200773DB2 /* PathRepresentable.swift */; };
		BAE732342C56836A00773DB2 /* Tab.swift in Sources */ = {isa = PBXBuildFile; fileRef = BAE732332C56836A00773DB2 /* Tab.swift */; };
		BAE732362C56837700773DB2 /* Stack.swift in Sources */ = {isa = PBXBuildFile; fileRef = BAE732352C56837700773DB2 /* Stack.swift */; };
		BAE7323C2C5687E700773DB2 /* Node.swift in Sources */ = {isa = PBXBuildFile; fileRef = BAE7323B2C5687E700773DB2 /* Node.swift */; };
		BAE7323E2C56892300773DB2 /* GenericPath.swift in Sources */ = {isa = PBXBuildFile; fileRef = BAE7323D2C56892300773DB2 /* GenericPath.swift */; };
		BAE732422C568F4D00773DB2 /* PrimitivePath.swift in Sources */ = {isa = PBXBuildFile; fileRef = BAE732412C568F4D00773DB2 /* PrimitivePath.swift */; };
		BAE732442C569FF300773DB2 /* ComposedPath.swift in Sources */ = {isa = PBXBuildFile; fileRef = BAE732432C569FF300773DB2 /* ComposedPath.swift */; };
/* End PBXBuildFile section */

/* Begin PBXFileReference section */
		BA10E4222C5D53EF00F1A4FB /* Screen.swift */ = {isa = PBXFileReference; lastKnownFileType = sourcecode.swift; path = Screen.swift; sourceTree = "<group>"; };
		BA3099192C54C988003859EB /* Path.app */ = {isa = PBXFileReference; explicitFileType = wrapper.application; includeInIndex = 0; path = Path.app; sourceTree = BUILT_PRODUCTS_DIR; };
		BA30991C2C54C988003859EB /* AppDelegate.swift */ = {isa = PBXFileReference; lastKnownFileType = sourcecode.swift; path = AppDelegate.swift; sourceTree = "<group>"; };
		BA3099252C54C989003859EB /* Assets.xcassets */ = {isa = PBXFileReference; lastKnownFileType = folder.assetcatalog; path = Assets.xcassets; sourceTree = "<group>"; };
		BA3099282C54C989003859EB /* Base */ = {isa = PBXFileReference; lastKnownFileType = file.storyboard; name = Base; path = Base.lproj/LaunchScreen.storyboard; sourceTree = "<group>"; };
		BA30992A2C54C989003859EB /* Info.plist */ = {isa = PBXFileReference; lastKnownFileType = text.plist.xml; path = Info.plist; sourceTree = "<group>"; };
		BAC0F1292C80797E00297E58 /* Environment.swift */ = {isa = PBXFileReference; lastKnownFileType = sourcecode.swift; path = Environment.swift; sourceTree = "<group>"; };
		BAE732202C565B0500773DB2 /* Path.swift */ = {isa = PBXFileReference; lastKnownFileType = sourcecode.swift; path = Path.swift; sourceTree = "<group>"; };
		BAE732222C56628900773DB2 /* Root.swift */ = {isa = PBXFileReference; lastKnownFileType = sourcecode.swift; path = Root.swift; sourceTree = "<group>"; };
		BAE732242C566AC600773DB2 /* PathBuilder.swift */ = {isa = PBXFileReference; lastKnownFileType = sourcecode.swift; path = PathBuilder.swift; sourceTree = "<group>"; };
		BAE732262C566D7400773DB2 /* TuplePath.swift */ = {isa = PBXFileReference; lastKnownFileType = sourcecode.swift; path = TuplePath.swift; sourceTree = "<group>"; };
		BAE732292C566FC000773DB2 /* ConditionalPath.swift */ = {isa = PBXFileReference; lastKnownFileType = sourcecode.swift; path = ConditionalPath.swift; sourceTree = "<group>"; };
		BAE7322B2C56710200773DB2 /* EmptyPath.swift */ = {isa = PBXFileReference; lastKnownFileType = sourcecode.swift; path = EmptyPath.swift; sourceTree = "<group>"; };
		BAE7322E2C5679C900773DB2 /* MainPath.swift */ = {isa = PBXFileReference; lastKnownFileType = sourcecode.swift; path = MainPath.swift; sourceTree = "<group>"; };
		BAE732312C56834200773DB2 /* PathRepresentable.swift */ = {isa = PBXFileReference; lastKnownFileType = sourcecode.swift; path = PathRepresentable.swift; sourceTree = "<group>"; };
		BAE732332C56836A00773DB2 /* Tab.swift */ = {isa = PBXFileReference; lastKnownFileType = sourcecode.swift; path = Tab.swift; sourceTree = "<group>"; };
		BAE732352C56837700773DB2 /* Stack.swift */ = {isa = PBXFileReference; lastKnownFileType = sourcecode.swift; path = Stack.swift; sourceTree = "<group>"; };
		BAE7323B2C5687E700773DB2 /* Node.swift */ = {isa = PBXFileReference; lastKnownFileType = sourcecode.swift; path = Node.swift; sourceTree = "<group>"; };
		BAE7323D2C56892300773DB2 /* GenericPath.swift */ = {isa = PBXFileReference; lastKnownFileType = sourcecode.swift; path = GenericPath.swift; sourceTree = "<group>"; };
		BAE732412C568F4D00773DB2 /* PrimitivePath.swift */ = {isa = PBXFileReference; lastKnownFileType = sourcecode.swift; path = PrimitivePath.swift; sourceTree = "<group>"; };
		BAE732432C569FF300773DB2 /* ComposedPath.swift */ = {isa = PBXFileReference; lastKnownFileType = sourcecode.swift; path = ComposedPath.swift; sourceTree = "<group>"; };
/* End PBXFileReference section */

/* Begin PBXFrameworksBuildPhase section */
		BA3099162C54C988003859EB /* Frameworks */ = {
			isa = PBXFrameworksBuildPhase;
			buildActionMask = 2147483647;
			files = (
			);
			runOnlyForDeploymentPostprocessing = 0;
		};
/* End PBXFrameworksBuildPhase section */

/* Begin PBXGroup section */
		BA10E4212C5D53DB00F1A4FB /* Screen */ = {
			isa = PBXGroup;
			children = (
				BA10E4222C5D53EF00F1A4FB /* Screen.swift */,
			);
			path = Screen;
			sourceTree = "<group>";
		};
		BA3099102C54C988003859EB = {
			isa = PBXGroup;
			children = (
				BA30991B2C54C988003859EB /* Path */,
				BA30991A2C54C988003859EB /* Products */,
			);
			sourceTree = "<group>";
		};
		BA30991A2C54C988003859EB /* Products */ = {
			isa = PBXGroup;
			children = (
				BA3099192C54C988003859EB /* Path.app */,
			);
			name = Products;
			sourceTree = "<group>";
		};
		BA30991B2C54C988003859EB /* Path */ = {
			isa = PBXGroup;
			children = (
				BAE7322D2C5679BA00773DB2 /* Example */,
				BAE7321F2C565AEE00773DB2 /* Core */,
				BA30991C2C54C988003859EB /* AppDelegate.swift */,
				BA3099252C54C989003859EB /* Assets.xcassets */,
				BA3099272C54C989003859EB /* LaunchScreen.storyboard */,
				BA30992A2C54C989003859EB /* Info.plist */,
			);
			path = Path;
			sourceTree = "<group>";
		};
		BAE7321F2C565AEE00773DB2 /* Core */ = {
			isa = PBXGroup;
			children = (
				BA10E4212C5D53DB00F1A4FB /* Screen */,
				BAE7323A2C5687B400773DB2 /* Graph */,
				BAE732372C56853100773DB2 /* Container */,
				BAE732302C56832E00773DB2 /* Renderable */,
				BAE732282C566DB800773DB2 /* Structural */,
				BAE732202C565B0500773DB2 /* Path.swift */,
				BAE732222C56628900773DB2 /* Root.swift */,
			);
			path = Core;
			sourceTree = "<group>";
		};
		BAE732282C566DB800773DB2 /* Structural */ = {
			isa = PBXGroup;
			children = (
				BAE732242C566AC600773DB2 /* PathBuilder.swift */,
				BAE732262C566D7400773DB2 /* TuplePath.swift */,
				BAE732292C566FC000773DB2 /* ConditionalPath.swift */,
				BAE7322B2C56710200773DB2 /* EmptyPath.swift */,
				BAE732412C568F4D00773DB2 /* PrimitivePath.swift */,
			);
			path = Structural;
			sourceTree = "<group>";
		};
		BAE7322D2C5679BA00773DB2 /* Example */ = {
			isa = PBXGroup;
			children = (
				BAE7322E2C5679C900773DB2 /* MainPath.swift */,
			);
			path = Example;
			sourceTree = "<group>";
		};
		BAE732302C56832E00773DB2 /* Renderable */ = {
			isa = PBXGroup;
			children = (
				BAE732312C56834200773DB2 /* PathRepresentable.swift */,
			);
			path = Renderable;
			sourceTree = "<group>";
		};
		BAE732372C56853100773DB2 /* Container */ = {
			isa = PBXGroup;
			children = (
				BAE732352C56837700773DB2 /* Stack.swift */,
				BAE732332C56836A00773DB2 /* Tab.swift */,
			);
			path = Container;
			sourceTree = "<group>";
		};
		BAE7323A2C5687B400773DB2 /* Graph */ = {
			isa = PBXGroup;
			children = (
				BAE7323B2C5687E700773DB2 /* Node.swift */,
				BAE7323D2C56892300773DB2 /* GenericPath.swift */,
				BAE732432C569FF300773DB2 /* ComposedPath.swift */,
				BAC0F1292C80797E00297E58 /* Environment.swift */,
			);
			path = Graph;
			sourceTree = "<group>";
		};
/* End PBXGroup section */

/* Begin PBXNativeTarget section */
		BA3099182C54C988003859EB /* Path */ = {
			isa = PBXNativeTarget;
			buildConfigurationList = BA30992D2C54C989003859EB /* Build configuration list for PBXNativeTarget "Path" */;
			buildPhases = (
				BA3099152C54C988003859EB /* Sources */,
				BA3099162C54C988003859EB /* Frameworks */,
				BA3099172C54C988003859EB /* Resources */,
			);
			buildRules = (
			);
			dependencies = (
			);
			name = Path;
			productName = Path;
			productReference = BA3099192C54C988003859EB /* Path.app */;
			productType = "com.apple.product-type.application";
		};
/* End PBXNativeTarget section */

/* Begin PBXProject section */
		BA3099112C54C988003859EB /* Project object */ = {
			isa = PBXProject;
			attributes = {
				BuildIndependentTargetsInParallel = 1;
				LastSwiftUpdateCheck = 1530;
				LastUpgradeCheck = 1530;
				TargetAttributes = {
					BA3099182C54C988003859EB = {
						CreatedOnToolsVersion = 15.3;
					};
				};
			};
			buildConfigurationList = BA3099142C54C988003859EB /* Build configuration list for PBXProject "Path" */;
			compatibilityVersion = "Xcode 14.0";
			developmentRegion = en;
			hasScannedForEncodings = 0;
			knownRegions = (
				en,
				Base,
			);
			mainGroup = BA3099102C54C988003859EB;
			productRefGroup = BA30991A2C54C988003859EB /* Products */;
			projectDirPath = "";
			projectRoot = "";
			targets = (
				BA3099182C54C988003859EB /* Path */,
			);
		};
/* End PBXProject section */

/* Begin PBXResourcesBuildPhase section */
		BA3099172C54C988003859EB /* Resources */ = {
			isa = PBXResourcesBuildPhase;
			buildActionMask = 2147483647;
			files = (
				BA3099262C54C989003859EB /* Assets.xcassets in Resources */,
				BA3099292C54C989003859EB /* Base in Resources */,
			);
			runOnlyForDeploymentPostprocessing = 0;
		};
/* End PBXResourcesBuildPhase section */

/* Begin PBXSourcesBuildPhase section */
		BA3099152C54C988003859EB /* Sources */ = {
			isa = PBXSourcesBuildPhase;
			buildActionMask = 2147483647;
			files = (
				BAE732252C566AC600773DB2 /* PathBuilder.swift in Sources */,
				BAE732442C569FF300773DB2 /* ComposedPath.swift in Sources */,
				BAE732362C56837700773DB2 /* Stack.swift in Sources */,
				BAE7322C2C56710200773DB2 /* EmptyPath.swift in Sources */,
				BAE7322A2C566FC000773DB2 /* ConditionalPath.swift in Sources */,
				BAE732342C56836A00773DB2 /* Tab.swift in Sources */,
				BAE7323E2C56892300773DB2 /* GenericPath.swift in Sources */,
				BA10E4232C5D53EF00F1A4FB /* Screen.swift in Sources */,
				BAE732422C568F4D00773DB2 /* PrimitivePath.swift in Sources */,
				BAE7323C2C5687E700773DB2 /* Node.swift in Sources */,
				BAE732322C56834200773DB2 /* PathRepresentable.swift in Sources */,
				BA30991D2C54C988003859EB /* AppDelegate.swift in Sources */,
				BAE732212C565B0500773DB2 /* Path.swift in Sources */,
				BAE7322F2C5679C900773DB2 /* MainPath.swift in Sources */,
				BAE732232C56628900773DB2 /* Root.swift in Sources */,
				BAE732272C566D7400773DB2 /* TuplePath.swift in Sources */,
				BAC0F12A2C80797E00297E58 /* Environment.swift in Sources */,
			);
			runOnlyForDeploymentPostprocessing = 0;
		};
/* End PBXSourcesBuildPhase section */

/* Begin PBXVariantGroup section */
		BA3099272C54C989003859EB /* LaunchScreen.storyboard */ = {
			isa = PBXVariantGroup;
			children = (
				BA3099282C54C989003859EB /* Base */,
			);
			name = LaunchScreen.storyboard;
			sourceTree = "<group>";
		};
/* End PBXVariantGroup section */

/* Begin XCBuildConfiguration section */
		BA30992B2C54C989003859EB /* Debug */ = {
			isa = XCBuildConfiguration;
			buildSettings = {
				ALWAYS_SEARCH_USER_PATHS = NO;
				ASSETCATALOG_COMPILER_GENERATE_SWIFT_ASSET_SYMBOL_EXTENSIONS = YES;
				CLANG_ANALYZER_NONNULL = YES;
				CLANG_ANALYZER_NUMBER_OBJECT_CONVERSION = YES_AGGRESSIVE;
				CLANG_CXX_LANGUAGE_STANDARD = "gnu++20";
				CLANG_ENABLE_MODULES = YES;
				CLANG_ENABLE_OBJC_ARC = YES;
				CLANG_ENABLE_OBJC_WEAK = YES;
				CLANG_WARN_BLOCK_CAPTURE_AUTORELEASING = YES;
				CLANG_WARN_BOOL_CONVERSION = YES;
				CLANG_WARN_COMMA = YES;
				CLANG_WARN_CONSTANT_CONVERSION = YES;
				CLANG_WARN_DEPRECATED_OBJC_IMPLEMENTATIONS = YES;
				CLANG_WARN_DIRECT_OBJC_ISA_USAGE = YES_ERROR;
				CLANG_WARN_DOCUMENTATION_COMMENTS = YES;
				CLANG_WARN_EMPTY_BODY = YES;
				CLANG_WARN_ENUM_CONVERSION = YES;
				CLANG_WARN_INFINITE_RECURSION = YES;
				CLANG_WARN_INT_CONVERSION = YES;
				CLANG_WARN_NON_LITERAL_NULL_CONVERSION = YES;
				CLANG_WARN_OBJC_IMPLICIT_RETAIN_SELF = YES;
				CLANG_WARN_OBJC_LITERAL_CONVERSION = YES;
				CLANG_WARN_OBJC_ROOT_CLASS = YES_ERROR;
				CLANG_WARN_QUOTED_INCLUDE_IN_FRAMEWORK_HEADER = YES;
				CLANG_WARN_RANGE_LOOP_ANALYSIS = YES;
				CLANG_WARN_STRICT_PROTOTYPES = YES;
				CLANG_WARN_SUSPICIOUS_MOVE = YES;
				CLANG_WARN_UNGUARDED_AVAILABILITY = YES_AGGRESSIVE;
				CLANG_WARN_UNREACHABLE_CODE = YES;
				CLANG_WARN__DUPLICATE_METHOD_MATCH = YES;
				COPY_PHASE_STRIP = NO;
				DEBUG_INFORMATION_FORMAT = dwarf;
				ENABLE_STRICT_OBJC_MSGSEND = YES;
				ENABLE_TESTABILITY = YES;
				ENABLE_USER_SCRIPT_SANDBOXING = YES;
				GCC_C_LANGUAGE_STANDARD = gnu17;
				GCC_DYNAMIC_NO_PIC = NO;
				GCC_NO_COMMON_BLOCKS = YES;
				GCC_OPTIMIZATION_LEVEL = 0;
				GCC_PREPROCESSOR_DEFINITIONS = (
					"DEBUG=1",
					"$(inherited)",
				);
				GCC_WARN_64_TO_32_BIT_CONVERSION = YES;
				GCC_WARN_ABOUT_RETURN_TYPE = YES_ERROR;
				GCC_WARN_UNDECLARED_SELECTOR = YES;
				GCC_WARN_UNINITIALIZED_AUTOS = YES_AGGRESSIVE;
				GCC_WARN_UNUSED_FUNCTION = YES;
				GCC_WARN_UNUSED_VARIABLE = YES;
				IPHONEOS_DEPLOYMENT_TARGET = 17.4;
				LOCALIZATION_PREFERS_STRING_CATALOGS = YES;
				MTL_ENABLE_DEBUG_INFO = INCLUDE_SOURCE;
				MTL_FAST_MATH = YES;
				ONLY_ACTIVE_ARCH = YES;
				SDKROOT = iphoneos;
				SWIFT_ACTIVE_COMPILATION_CONDITIONS = "DEBUG $(inherited)";
				SWIFT_OPTIMIZATION_LEVEL = "-Onone";
			};
			name = Debug;
		};
		BA30992C2C54C989003859EB /* Release */ = {
			isa = XCBuildConfiguration;
			buildSettings = {
				ALWAYS_SEARCH_USER_PATHS = NO;
				ASSETCATALOG_COMPILER_GENERATE_SWIFT_ASSET_SYMBOL_EXTENSIONS = YES;
				CLANG_ANALYZER_NONNULL = YES;
				CLANG_ANALYZER_NUMBER_OBJECT_CONVERSION = YES_AGGRESSIVE;
				CLANG_CXX_LANGUAGE_STANDARD = "gnu++20";
				CLANG_ENABLE_MODULES = YES;
				CLANG_ENABLE_OBJC_ARC = YES;
				CLANG_ENABLE_OBJC_WEAK = YES;
				CLANG_WARN_BLOCK_CAPTURE_AUTORELEASING = YES;
				CLANG_WARN_BOOL_CONVERSION = YES;
				CLANG_WARN_COMMA = YES;
				CLANG_WARN_CONSTANT_CONVERSION = YES;
				CLANG_WARN_DEPRECATED_OBJC_IMPLEMENTATIONS = YES;
				CLANG_WARN_DIRECT_OBJC_ISA_USAGE = YES_ERROR;
				CLANG_WARN_DOCUMENTATION_COMMENTS = YES;
				CLANG_WARN_EMPTY_BODY = YES;
				CLANG_WARN_ENUM_CONVERSION = YES;
				CLANG_WARN_INFINITE_RECURSION = YES;
				CLANG_WARN_INT_CONVERSION = YES;
				CLANG_WARN_NON_LITERAL_NULL_CONVERSION = YES;
				CLANG_WARN_OBJC_IMPLICIT_RETAIN_SELF = YES;
				CLANG_WARN_OBJC_LITERAL_CONVERSION = YES;
				CLANG_WARN_OBJC_ROOT_CLASS = YES_ERROR;
				CLANG_WARN_QUOTED_INCLUDE_IN_FRAMEWORK_HEADER = YES;
				CLANG_WARN_RANGE_LOOP_ANALYSIS = YES;
				CLANG_WARN_STRICT_PROTOTYPES = YES;
				CLANG_WARN_SUSPICIOUS_MOVE = YES;
				CLANG_WARN_UNGUARDED_AVAILABILITY = YES_AGGRESSIVE;
				CLANG_WARN_UNREACHABLE_CODE = YES;
				CLANG_WARN__DUPLICATE_METHOD_MATCH = YES;
				COPY_PHASE_STRIP = NO;
				DEBUG_INFORMATION_FORMAT = "dwarf-with-dsym";
				ENABLE_NS_ASSERTIONS = NO;
				ENABLE_STRICT_OBJC_MSGSEND = YES;
				ENABLE_USER_SCRIPT_SANDBOXING = YES;
				GCC_C_LANGUAGE_STANDARD = gnu17;
				GCC_NO_COMMON_BLOCKS = YES;
				GCC_WARN_64_TO_32_BIT_CONVERSION = YES;
				GCC_WARN_ABOUT_RETURN_TYPE = YES_ERROR;
				GCC_WARN_UNDECLARED_SELECTOR = YES;
				GCC_WARN_UNINITIALIZED_AUTOS = YES_AGGRESSIVE;
				GCC_WARN_UNUSED_FUNCTION = YES;
				GCC_WARN_UNUSED_VARIABLE = YES;
				IPHONEOS_DEPLOYMENT_TARGET = 17.4;
				LOCALIZATION_PREFERS_STRING_CATALOGS = YES;
				MTL_ENABLE_DEBUG_INFO = NO;
				MTL_FAST_MATH = YES;
				SDKROOT = iphoneos;
				SWIFT_COMPILATION_MODE = wholemodule;
				VALIDATE_PRODUCT = YES;
			};
			name = Release;
		};
		BA30992E2C54C989003859EB /* Debug */ = {
			isa = XCBuildConfiguration;
			buildSettings = {
				ASSETCATALOG_COMPILER_APPICON_NAME = AppIcon;
				ASSETCATALOG_COMPILER_GLOBAL_ACCENT_COLOR_NAME = AccentColor;
				CODE_SIGN_STYLE = Automatic;
				CURRENT_PROJECT_VERSION = 1;
				DEVELOPMENT_TEAM = 92R6Q4C7SK;
				GENERATE_INFOPLIST_FILE = YES;
				INFOPLIST_FILE = Path/Info.plist;
				INFOPLIST_KEY_UIApplicationSupportsIndirectInputEvents = YES;
				INFOPLIST_KEY_UILaunchStoryboardName = LaunchScreen;
				INFOPLIST_KEY_UISupportedInterfaceOrientations_iPad = "UIInterfaceOrientationPortrait UIInterfaceOrientationPortraitUpsideDown UIInterfaceOrientationLandscapeLeft UIInterfaceOrientationLandscapeRight";
				INFOPLIST_KEY_UISupportedInterfaceOrientations_iPhone = "UIInterfaceOrientationPortrait UIInterfaceOrientationLandscapeLeft UIInterfaceOrientationLandscapeRight";
				LD_RUNPATH_SEARCH_PATHS = (
					"$(inherited)",
					"@executable_path/Frameworks",
				);
				MARKETING_VERSION = 1.0;
				PRODUCT_BUNDLE_IDENTIFIER = kurumoch.Path;
				PRODUCT_NAME = "$(TARGET_NAME)";
				SWIFT_EMIT_LOC_STRINGS = YES;
				SWIFT_VERSION = 5.0;
				TARGETED_DEVICE_FAMILY = "1,2";
			};
			name = Debug;
		};
		BA30992F2C54C989003859EB /* Release */ = {
			isa = XCBuildConfiguration;
			buildSettings = {
				ASSETCATALOG_COMPILER_APPICON_NAME = AppIcon;
				ASSETCATALOG_COMPILER_GLOBAL_ACCENT_COLOR_NAME = AccentColor;
				CODE_SIGN_STYLE = Automatic;
				CURRENT_PROJECT_VERSION = 1;
				DEVELOPMENT_TEAM = 92R6Q4C7SK;
				GENERATE_INFOPLIST_FILE = YES;
				INFOPLIST_FILE = Path/Info.plist;
				INFOPLIST_KEY_UIApplicationSupportsIndirectInputEvents = YES;
				INFOPLIST_KEY_UILaunchStoryboardName = LaunchScreen;
				INFOPLIST_KEY_UISupportedInterfaceOrientations_iPad = "UIInterfaceOrientationPortrait UIInterfaceOrientationPortraitUpsideDown UIInterfaceOrientationLandscapeLeft UIInterfaceOrientationLandscapeRight";
				INFOPLIST_KEY_UISupportedInterfaceOrientations_iPhone = "UIInterfaceOrientationPortrait UIInterfaceOrientationLandscapeLeft UIInterfaceOrientationLandscapeRight";
				LD_RUNPATH_SEARCH_PATHS = (
					"$(inherited)",
					"@executable_path/Frameworks",
				);
				MARKETING_VERSION = 1.0;
				PRODUCT_BUNDLE_IDENTIFIER = kurumoch.Path;
				PRODUCT_NAME = "$(TARGET_NAME)";
				SWIFT_EMIT_LOC_STRINGS = YES;
				SWIFT_VERSION = 5.0;
				TARGETED_DEVICE_FAMILY = "1,2";
			};
			name = Release;
		};
/* End XCBuildConfiguration section */

/* Begin XCConfigurationList section */
		BA3099142C54C988003859EB /* Build configuration list for PBXProject "Path" */ = {
			isa = XCConfigurationList;
			buildConfigurations = (
				BA30992B2C54C989003859EB /* Debug */,
				BA30992C2C54C989003859EB /* Release */,
			);
			defaultConfigurationIsVisible = 0;
			defaultConfigurationName = Release;
		};
		BA30992D2C54C989003859EB /* Build configuration list for PBXNativeTarget "Path" */ = {
			isa = XCConfigurationList;
			buildConfigurations = (
				BA30992E2C54C989003859EB /* Debug */,
				BA30992F2C54C989003859EB /* Release */,
			);
			defaultConfigurationIsVisible = 0;
			defaultConfigurationName = Release;
		};
/* End XCConfigurationList section */
	};
	rootObject = BA3099112C54C988003859EB /* Project object */;
}
